
Microsoft Visual Studio Solution File, Format Version 12.00
# Visual Studio Version 17
VisualStudioVersion = 17.9.34728.123
MinimumVisualStudioVersion = 10.0.40219.1
Project("{FAE04EC0-301F-11D3-BF4B-00C04F79EFBC}") = "Youtube", "Youtube\Youtube.csproj", "{5C22D0C4-B049-43A8-9364-F0B20724AEAF}"
EndProject
Global
	GlobalSection(SolutionConfigurationPlatforms) = preSolution
		Debug|Any CPU = Debug|Any CPU
		Release|Any CPU = Release|Any CPU
	EndGlobalSection
	GlobalSection(ProjectConfigurationPlatforms) = postSolution
		{5C22D0C4-B049-43A8-9364-F0B20724AEAF}.Debug|Any CPU.ActiveCfg = Debug|Any CPU
		{5C22D0C4-B049-43A8-9364-F0B20724AEAF}.Debug|Any CPU.Build.0 = Debug|Any CPU
		{5C22D0C4-B049-43A8-9364-F0B20724AEAF}.Release|Any CPU.ActiveCfg = Release|Any CPU
		{5C22D0C4-B049-43A8-9364-F0B20724AEAF}.Release|Any CPU.Build.0 = Release|Any CPU
	EndGlobalSection
	GlobalSection(SolutionProperties) = preSolution
		HideSolutionNode = FALSE
	EndGlobalSection
	GlobalSection(ExtensibilityGlobals) = postSolution
		SolutionGuid = {9CCE5BE5-2FFF-47FB-81FF-FA30DBDF86DA}
	EndGlobalSection
EndGlobal
